// !$*UTF8*$!
{
	archiveVersion = 1;
	classes = {
	};
	objectVersion = 51;
	objects = {

/* Begin PBXBuildFile section */
		41A7AB553944B8EEC8E9A88A /* Pods_JohnnyOwayed_FoodLovers.framework in Frameworks */ = {isa = PBXBuildFile; fileRef = 09A7237E0AB8A70BEB8ECF92 /* Pods_JohnnyOwayed_FoodLovers.framework */; };
		5F84F8AF273505460030F869 /* AppDelegate.swift in Sources */ = {isa = PBXBuildFile; fileRef = 5F84F8AE273505460030F869 /* AppDelegate.swift */; };
		5F84F8B1273505460030F869 /* SceneDelegate.swift in Sources */ = {isa = PBXBuildFile; fileRef = 5F84F8B0273505460030F869 /* SceneDelegate.swift */; };
		5F84F8B82735054B0030F869 /* Assets.xcassets in Resources */ = {isa = PBXBuildFile; fileRef = 5F84F8B72735054B0030F869 /* Assets.xcassets */; };
		5F84F8BB2735054B0030F869 /* LaunchScreen.storyboard in Resources */ = {isa = PBXBuildFile; fileRef = 5F84F8B92735054B0030F869 /* LaunchScreen.storyboard */; };
		5F84F8C4273506D40030F869 /* HomeSceneView.storyboard in Resources */ = {isa = PBXBuildFile; fileRef = 5F84F8C3273506D40030F869 /* HomeSceneView.storyboard */; };
		5F84F8C6273506F70030F869 /* HomeSceneInteractor.swift in Sources */ = {isa = PBXBuildFile; fileRef = 5F84F8C5273506F70030F869 /* HomeSceneInteractor.swift */; };
		5F84F8C8273507110030F869 /* HomeScenePressenter.swift in Sources */ = {isa = PBXBuildFile; fileRef = 5F84F8C7273507110030F869 /* HomeScenePressenter.swift */; };
		5F84F8CA273507210030F869 /* HomeSceneViewController.swift in Sources */ = {isa = PBXBuildFile; fileRef = 5F84F8C9273507210030F869 /* HomeSceneViewController.swift */; };
		5F84F8CC2735072E0030F869 /* HomeSceneRouter.swift in Sources */ = {isa = PBXBuildFile; fileRef = 5F84F8CB2735072E0030F869 /* HomeSceneRouter.swift */; };
		5F84F8D4273509670030F869 /* WebService.swift in Sources */ = {isa = PBXBuildFile; fileRef = 5F84F8D3273509670030F869 /* WebService.swift */; };
		5F84F8D627350A800030F869 /* AllFoods.swift in Sources */ = {isa = PBXBuildFile; fileRef = 5F84F8D527350A800030F869 /* AllFoods.swift */; };
		5F84F8D927350F380030F869 /* FoodItemCollectionViewCell.swift in Sources */ = {isa = PBXBuildFile; fileRef = 5F84F8D727350F380030F869 /* FoodItemCollectionViewCell.swift */; };
		5F84F8DA27350F380030F869 /* FoodItemCollectionViewCell.xib in Resources */ = {isa = PBXBuildFile; fileRef = 5F84F8D827350F380030F869 /* FoodItemCollectionViewCell.xib */; };
		5F84F8DD273513540030F869 /* HomeSceneModel.swift in Sources */ = {isa = PBXBuildFile; fileRef = 5F84F8DC273513540030F869 /* HomeSceneModel.swift */; };
		5F84F8E027352FEE0030F869 /* ReceipeDetailsSceneView.storyboard in Resources */ = {isa = PBXBuildFile; fileRef = 5F84F8DF27352FEE0030F869 /* ReceipeDetailsSceneView.storyboard */; };
		5F84F8E62735301E0030F869 /* ReciepeSceneModel.swift in Sources */ = {isa = PBXBuildFile; fileRef = 5F84F8E52735301E0030F869 /* ReciepeSceneModel.swift */; };
		5F84F8E82735302F0030F869 /* ReciepeSceneViewController.swift in Sources */ = {isa = PBXBuildFile; fileRef = 5F84F8E72735302F0030F869 /* ReciepeSceneViewController.swift */; };
		5F84F8EE2735342F0030F869 /* StepsTableViewCell.swift in Sources */ = {isa = PBXBuildFile; fileRef = 5F84F8EC2735342F0030F869 /* StepsTableViewCell.swift */; };
		5F84F8EF2735342F0030F869 /* StepsTableViewCell.xib in Resources */ = {isa = PBXBuildFile; fileRef = 5F84F8ED2735342F0030F869 /* StepsTableViewCell.xib */; };
		5F84F8F3273543D40030F869 /* HeaderTableViewCell.swift in Sources */ = {isa = PBXBuildFile; fileRef = 5F84F8F1273543D40030F869 /* HeaderTableViewCell.swift */; };
		5F84F8F4273543D40030F869 /* HeaderTableViewCell.xib in Resources */ = {isa = PBXBuildFile; fileRef = 5F84F8F2273543D40030F869 /* HeaderTableViewCell.xib */; };
		5F84F8F7273547A80030F869 /* UIViewController+Extensions.swift in Sources */ = {isa = PBXBuildFile; fileRef = 5F84F8F6273547A80030F869 /* UIViewController+Extensions.swift */; };
/* End PBXBuildFile section */

/* Begin PBXFileReference section */
		09A7237E0AB8A70BEB8ECF92 /* Pods_JohnnyOwayed_FoodLovers.framework */ = {isa = PBXFileReference; explicitFileType = wrapper.framework; includeInIndex = 0; path = Pods_JohnnyOwayed_FoodLovers.framework; sourceTree = BUILT_PRODUCTS_DIR; };
		23B55550B8097DC5752CA794 /* Pods-JohnnyOwayed-FoodLovers.debug.xcconfig */ = {isa = PBXFileReference; includeInIndex = 1; lastKnownFileType = text.xcconfig; name = "Pods-JohnnyOwayed-FoodLovers.debug.xcconfig"; path = "Target Support Files/Pods-JohnnyOwayed-FoodLovers/Pods-JohnnyOwayed-FoodLovers.debug.xcconfig"; sourceTree = "<group>"; };
		5F84F8AB273505460030F869 /* JohnnyOwayed-FoodLovers.app */ = {isa = PBXFileReference; explicitFileType = wrapper.application; includeInIndex = 0; path = "JohnnyOwayed-FoodLovers.app"; sourceTree = BUILT_PRODUCTS_DIR; };
		5F84F8AE273505460030F869 /* AppDelegate.swift */ = {isa = PBXFileReference; lastKnownFileType = sourcecode.swift; path = AppDelegate.swift; sourceTree = "<group>"; };
		5F84F8B0273505460030F869 /* SceneDelegate.swift */ = {isa = PBXFileReference; lastKnownFileType = sourcecode.swift; path = SceneDelegate.swift; sourceTree = "<group>"; };
		5F84F8B72735054B0030F869 /* Assets.xcassets */ = {isa = PBXFileReference; lastKnownFileType = folder.assetcatalog; path = Assets.xcassets; sourceTree = "<group>"; };
		5F84F8BA2735054B0030F869 /* Base */ = {isa = PBXFileReference; lastKnownFileType = file.storyboard; name = Base; path = Base.lproj/LaunchScreen.storyboard; sourceTree = "<group>"; };
		5F84F8BC2735054B0030F869 /* Info.plist */ = {isa = PBXFileReference; lastKnownFileType = text.plist.xml; path = Info.plist; sourceTree = "<group>"; };
		5F84F8C3273506D40030F869 /* HomeSceneView.storyboard */ = {isa = PBXFileReference; lastKnownFileType = file.storyboard; path = HomeSceneView.storyboard; sourceTree = "<group>"; };
		5F84F8C5273506F70030F869 /* HomeSceneInteractor.swift */ = {isa = PBXFileReference; lastKnownFileType = sourcecode.swift; path = HomeSceneInteractor.swift; sourceTree = "<group>"; };
		5F84F8C7273507110030F869 /* HomeScenePressenter.swift */ = {isa = PBXFileReference; lastKnownFileType = sourcecode.swift; path = HomeScenePressenter.swift; sourceTree = "<group>"; };
		5F84F8C9273507210030F869 /* HomeSceneViewController.swift */ = {isa = PBXFileReference; lastKnownFileType = sourcecode.swift; path = HomeSceneViewController.swift; sourceTree = "<group>"; };
		5F84F8CB2735072E0030F869 /* HomeSceneRouter.swift */ = {isa = PBXFileReference; lastKnownFileType = sourcecode.swift; path = HomeSceneRouter.swift; sourceTree = "<group>"; };
		5F84F8D3273509670030F869 /* WebService.swift */ = {isa = PBXFileReference; lastKnownFileType = sourcecode.swift; path = WebService.swift; sourceTree = "<group>"; };
		5F84F8D527350A800030F869 /* AllFoods.swift */ = {isa = PBXFileReference; lastKnownFileType = sourcecode.swift; path = AllFoods.swift; sourceTree = "<group>"; };
		5F84F8D727350F380030F869 /* FoodItemCollectionViewCell.swift */ = {isa = PBXFileReference; lastKnownFileType = sourcecode.swift; path = FoodItemCollectionViewCell.swift; sourceTree = "<group>"; };
		5F84F8D827350F380030F869 /* FoodItemCollectionViewCell.xib */ = {isa = PBXFileReference; lastKnownFileType = file.xib; path = FoodItemCollectionViewCell.xib; sourceTree = "<group>"; };
		5F84F8DC273513540030F869 /* HomeSceneModel.swift */ = {isa = PBXFileReference; lastKnownFileType = sourcecode.swift; path = HomeSceneModel.swift; sourceTree = "<group>"; };
		5F84F8DF27352FEE0030F869 /* ReceipeDetailsSceneView.storyboard */ = {isa = PBXFileReference; lastKnownFileType = file.storyboard; path = ReceipeDetailsSceneView.storyboard; sourceTree = "<group>"; };
		5F84F8E52735301E0030F869 /* ReciepeSceneModel.swift */ = {isa = PBXFileReference; lastKnownFileType = sourcecode.swift; path = ReciepeSceneModel.swift; sourceTree = "<group>"; };
		5F84F8E72735302F0030F869 /* ReciepeSceneViewController.swift */ = {isa = PBXFileReference; lastKnownFileType = sourcecode.swift; path = ReciepeSceneViewController.swift; sourceTree = "<group>"; };
		5F84F8EC2735342F0030F869 /* StepsTableViewCell.swift */ = {isa = PBXFileReference; lastKnownFileType = sourcecode.swift; path = StepsTableViewCell.swift; sourceTree = "<group>"; };
		5F84F8ED2735342F0030F869 /* StepsTableViewCell.xib */ = {isa = PBXFileReference; lastKnownFileType = file.xib; path = StepsTableViewCell.xib; sourceTree = "<group>"; };
		5F84F8F1273543D40030F869 /* HeaderTableViewCell.swift */ = {isa = PBXFileReference; lastKnownFileType = sourcecode.swift; path = HeaderTableViewCell.swift; sourceTree = "<group>"; };
		5F84F8F2273543D40030F869 /* HeaderTableViewCell.xib */ = {isa = PBXFileReference; lastKnownFileType = file.xib; path = HeaderTableViewCell.xib; sourceTree = "<group>"; };
		5F84F8F6273547A80030F869 /* UIViewController+Extensions.swift */ = {isa = PBXFileReference; lastKnownFileType = sourcecode.swift; path = "UIViewController+Extensions.swift"; sourceTree = "<group>"; };
		745AC1945CE390EF235926F3 /* Pods-JohnnyOwayed-FoodLovers.release.xcconfig */ = {isa = PBXFileReference; includeInIndex = 1; lastKnownFileType = text.xcconfig; name = "Pods-JohnnyOwayed-FoodLovers.release.xcconfig"; path = "Target Support Files/Pods-JohnnyOwayed-FoodLovers/Pods-JohnnyOwayed-FoodLovers.release.xcconfig"; sourceTree = "<group>"; };
/* End PBXFileReference section */

/* Begin PBXFrameworksBuildPhase section */
		5F84F8A8273505460030F869 /* Frameworks */ = {
			isa = PBXFrameworksBuildPhase;
			buildActionMask = 2147483647;
			files = (
				41A7AB553944B8EEC8E9A88A /* Pods_JohnnyOwayed_FoodLovers.framework in Frameworks */,
			);
			runOnlyForDeploymentPostprocessing = 0;
		};
/* End PBXFrameworksBuildPhase section */

/* Begin PBXGroup section */
		19C3CC8263D2BBF38D1F1766 /* Frameworks */ = {
			isa = PBXGroup;
			children = (
				09A7237E0AB8A70BEB8ECF92 /* Pods_JohnnyOwayed_FoodLovers.framework */,
			);
			name = Frameworks;
			sourceTree = "<group>";
		};
		5B55E6458592E24B7B92DC9C /* Pods */ = {
			isa = PBXGroup;
			children = (
				23B55550B8097DC5752CA794 /* Pods-JohnnyOwayed-FoodLovers.debug.xcconfig */,
				745AC1945CE390EF235926F3 /* Pods-JohnnyOwayed-FoodLovers.release.xcconfig */,
			);
			path = Pods;
			sourceTree = "<group>";
		};
		5F84F8A2273505460030F869 = {
			isa = PBXGroup;
			children = (
				5F84F8AD273505460030F869 /* JohnnyOwayed-FoodLovers */,
				5F84F8AC273505460030F869 /* Products */,
				5B55E6458592E24B7B92DC9C /* Pods */,
				19C3CC8263D2BBF38D1F1766 /* Frameworks */,
			);
			sourceTree = "<group>";
		};
		5F84F8AC273505460030F869 /* Products */ = {
			isa = PBXGroup;
			children = (
				5F84F8AB273505460030F869 /* JohnnyOwayed-FoodLovers.app */,
			);
			name = Products;
			sourceTree = "<group>";
		};
		5F84F8AD273505460030F869 /* JohnnyOwayed-FoodLovers */ = {
			isa = PBXGroup;
			children = (
				5F84F8CD273508E10030F869 /* Application Layer */,
				5F84F8CF273509220030F869 /* Presentation Layer */,
				5F84F8D0273509370030F869 /* Business Logic */,
				5F84F8CE273508FF0030F869 /* Supporting Files */,
			);
			path = "JohnnyOwayed-FoodLovers";
			sourceTree = "<group>";
		};
		5F84F8C2273506BE0030F869 /* HomeScene */ = {
			isa = PBXGroup;
			children = (
				5F84F8C3273506D40030F869 /* HomeSceneView.storyboard */,
				5F84F8C5273506F70030F869 /* HomeSceneInteractor.swift */,
				5F84F8C7273507110030F869 /* HomeScenePressenter.swift */,
				5F84F8C9273507210030F869 /* HomeSceneViewController.swift */,
				5F84F8CB2735072E0030F869 /* HomeSceneRouter.swift */,
				5F84F8DC273513540030F869 /* HomeSceneModel.swift */,
			);
			path = HomeScene;
			sourceTree = "<group>";
		};
		5F84F8CD273508E10030F869 /* Application Layer */ = {
			isa = PBXGroup;
			children = (
				5F84F8AE273505460030F869 /* AppDelegate.swift */,
				5F84F8B0273505460030F869 /* SceneDelegate.swift */,
			);
			path = "Application Layer";
			sourceTree = "<group>";
		};
		5F84F8CE273508FF0030F869 /* Supporting Files */ = {
			isa = PBXGroup;
			children = (
				5F84F8B72735054B0030F869 /* Assets.xcassets */,
				5F84F8B92735054B0030F869 /* LaunchScreen.storyboard */,
				5F84F8BC2735054B0030F869 /* Info.plist */,
				5F84F8F52735478F0030F869 /* Extensions */,
				5F84F8DB27350F410030F869 /* ReusableViews */,
			);
			path = "Supporting Files";
			sourceTree = "<group>";
		};
		5F84F8CF273509220030F869 /* Presentation Layer */ = {
			isa = PBXGroup;
			children = (
				5F84F8C2273506BE0030F869 /* HomeScene */,
				5F84F8DE27352FC40030F869 /* ReciepeDetails Scene */,
			);
			path = "Presentation Layer";
			sourceTree = "<group>";
		};
		5F84F8D0273509370030F869 /* Business Logic */ = {
			isa = PBXGroup;
			children = (
				5F84F8D2273509560030F869 /* Models */,
				5F84F8D1273509500030F869 /* WebService */,
			);
			path = "Business Logic";
			sourceTree = "<group>";
		};
		5F84F8D1273509500030F869 /* WebService */ = {
			isa = PBXGroup;
			children = (
				5F84F8D3273509670030F869 /* WebService.swift */,
			);
			path = WebService;
			sourceTree = "<group>";
		};
		5F84F8D2273509560030F869 /* Models */ = {
			isa = PBXGroup;
			children = (
				5F84F8D527350A800030F869 /* AllFoods.swift */,
			);
			path = Models;
			sourceTree = "<group>";
		};
		5F84F8DB27350F410030F869 /* ReusableViews */ = {
			isa = PBXGroup;
			children = (
				5F84F8F0273543BA0030F869 /* TableViewHeaderCell */,
				5F84F8EB273533FB0030F869 /* Steps Cell */,
				5F84F8E9273533E40030F869 /* FoodItem */,
			);
			path = ReusableViews;
			sourceTree = "<group>";
		};
		5F84F8DE27352FC40030F869 /* ReciepeDetails Scene */ = {
			isa = PBXGroup;
			children = (
				5F84F8DF27352FEE0030F869 /* ReceipeDetailsSceneView.storyboard */,
				5F84F8E72735302F0030F869 /* ReciepeSceneViewController.swift */,
				5F84F8E52735301E0030F869 /* ReciepeSceneModel.swift */,
			);
			path = "ReciepeDetails Scene";
			sourceTree = "<group>";
		};
		5F84F8E9273533E40030F869 /* FoodItem */ = {
			isa = PBXGroup;
			children = (
				5F84F8D727350F380030F869 /* FoodItemCollectionViewCell.swift */,
				5F84F8D827350F380030F869 /* FoodItemCollectionViewCell.xib */,
			);
			path = FoodItem;
			sourceTree = "<group>";
		};
		5F84F8EB273533FB0030F869 /* Steps Cell */ = {
			isa = PBXGroup;
			children = (
				5F84F8EC2735342F0030F869 /* StepsTableViewCell.swift */,
				5F84F8ED2735342F0030F869 /* StepsTableViewCell.xib */,
			);
			path = "Steps Cell";
			sourceTree = "<group>";
		};
		5F84F8F0273543BA0030F869 /* TableViewHeaderCell */ = {
			isa = PBXGroup;
			children = (
				5F84F8F1273543D40030F869 /* HeaderTableViewCell.swift */,
				5F84F8F2273543D40030F869 /* HeaderTableViewCell.xib */,
			);
			path = TableViewHeaderCell;
			sourceTree = "<group>";
		};
		5F84F8F52735478F0030F869 /* Extensions */ = {
			isa = PBXGroup;
			children = (
				5F84F8F6273547A80030F869 /* UIViewController+Extensions.swift */,
			);
			path = Extensions;
			sourceTree = "<group>";
		};
/* End PBXGroup section */

/* Begin PBXNativeTarget section */
		5F84F8AA273505460030F869 /* JohnnyOwayed-FoodLovers */ = {
			isa = PBXNativeTarget;
			buildConfigurationList = 5F84F8BF2735054B0030F869 /* Build configuration list for PBXNativeTarget "JohnnyOwayed-FoodLovers" */;
			buildPhases = (
				2BCCC7AB9D23F73DFBD01549 /* [CP] Check Pods Manifest.lock */,
				5F84F8A7273505460030F869 /* Sources */,
				5F84F8A8273505460030F869 /* Frameworks */,
				5F84F8A9273505460030F869 /* Resources */,
				96640FF9C5C0D03DA6992EA0 /* [CP] Embed Pods Frameworks */,
			);
			buildRules = (
			);
			dependencies = (
			);
			name = "JohnnyOwayed-FoodLovers";
			productName = "JohnnyOwayed-FoodLovers";
			productReference = 5F84F8AB273505460030F869 /* JohnnyOwayed-FoodLovers.app */;
			productType = "com.apple.product-type.application";
		};
/* End PBXNativeTarget section */

/* Begin PBXProject section */
		5F84F8A3273505460030F869 /* Project object */ = {
			isa = PBXProject;
			attributes = {
				LastSwiftUpdateCheck = 1250;
				LastUpgradeCheck = 1250;
				TargetAttributes = {
					5F84F8AA273505460030F869 = {
						CreatedOnToolsVersion = 12.5;
					};
				};
			};
			buildConfigurationList = 5F84F8A6273505460030F869 /* Build configuration list for PBXProject "JohnnyOwayed-FoodLovers" */;
			compatibilityVersion = "Xcode 9.3";
			developmentRegion = en;
			hasScannedForEncodings = 0;
			knownRegions = (
				en,
				Base,
			);
			mainGroup = 5F84F8A2273505460030F869;
			productRefGroup = 5F84F8AC273505460030F869 /* Products */;
			projectDirPath = "";
			projectRoot = "";
			targets = (
				5F84F8AA273505460030F869 /* JohnnyOwayed-FoodLovers */,
			);
		};
/* End PBXProject section */

/* Begin PBXResourcesBuildPhase section */
		5F84F8A9273505460030F869 /* Resources */ = {
			isa = PBXResourcesBuildPhase;
			buildActionMask = 2147483647;
			files = (
				5F84F8BB2735054B0030F869 /* LaunchScreen.storyboard in Resources */,
				5F84F8F4273543D40030F869 /* HeaderTableViewCell.xib in Resources */,
				5F84F8EF2735342F0030F869 /* StepsTableViewCell.xib in Resources */,
				5F84F8E027352FEE0030F869 /* ReceipeDetailsSceneView.storyboard in Resources */,
				5F84F8DA27350F380030F869 /* FoodItemCollectionViewCell.xib in Resources */,
				5F84F8C4273506D40030F869 /* HomeSceneView.storyboard in Resources */,
				5F84F8B82735054B0030F869 /* Assets.xcassets in Resources */,
			);
			runOnlyForDeploymentPostprocessing = 0;
		};
/* End PBXResourcesBuildPhase section */

/* Begin PBXShellScriptBuildPhase section */
		2BCCC7AB9D23F73DFBD01549 /* [CP] Check Pods Manifest.lock */ = {
			isa = PBXShellScriptBuildPhase;
			buildActionMask = 2147483647;
			files = (
			);
			inputFileListPaths = (
			);
			inputPaths = (
				"${PODS_PODFILE_DIR_PATH}/Podfile.lock",
				"${PODS_ROOT}/Manifest.lock",
			);
			name = "[CP] Check Pods Manifest.lock";
			outputFileListPaths = (
			);
			outputPaths = (
				"$(DERIVED_FILE_DIR)/Pods-JohnnyOwayed-FoodLovers-checkManifestLockResult.txt",
			);
			runOnlyForDeploymentPostprocessing = 0;
			shellPath = /bin/sh;
			shellScript = "diff \"${PODS_PODFILE_DIR_PATH}/Podfile.lock\" \"${PODS_ROOT}/Manifest.lock\" > /dev/null\nif [ $? != 0 ] ; then\n    # print error to STDERR\n    echo \"error: The sandbox is not in sync with the Podfile.lock. Run 'pod install' or update your CocoaPods installation.\" >&2\n    exit 1\nfi\n# This output is used by Xcode 'outputs' to avoid re-running this script phase.\necho \"SUCCESS\" > \"${SCRIPT_OUTPUT_FILE_0}\"\n";
			showEnvVarsInLog = 0;
		};
		96640FF9C5C0D03DA6992EA0 /* [CP] Embed Pods Frameworks */ = {
			isa = PBXShellScriptBuildPhase;
			buildActionMask = 2147483647;
			files = (
			);
			inputFileListPaths = (
				"${PODS_ROOT}/Target Support Files/Pods-JohnnyOwayed-FoodLovers/Pods-JohnnyOwayed-FoodLovers-frameworks-${CONFIGURATION}-input-files.xcfilelist",
			);
			name = "[CP] Embed Pods Frameworks";
			outputFileListPaths = (
				"${PODS_ROOT}/Target Support Files/Pods-JohnnyOwayed-FoodLovers/Pods-JohnnyOwayed-FoodLovers-frameworks-${CONFIGURATION}-output-files.xcfilelist",
			);
			runOnlyForDeploymentPostprocessing = 0;
			shellPath = /bin/sh;
			shellScript = "\"${PODS_ROOT}/Target Support Files/Pods-JohnnyOwayed-FoodLovers/Pods-JohnnyOwayed-FoodLovers-frameworks.sh\"\n";
			showEnvVarsInLog = 0;
		};
/* End PBXShellScriptBuildPhase section */

/* Begin PBXSourcesBuildPhase section */
		5F84F8A7273505460030F869 /* Sources */ = {
			isa = PBXSourcesBuildPhase;
			buildActionMask = 2147483647;
			files = (
				5F84F8EE2735342F0030F869 /* StepsTableViewCell.swift in Sources */,
				5F84F8E62735301E0030F869 /* ReciepeSceneModel.swift in Sources */,
				5F84F8CA273507210030F869 /* HomeSceneViewController.swift in Sources */,
				5F84F8AF273505460030F869 /* AppDelegate.swift in Sources */,
				5F84F8D4273509670030F869 /* WebService.swift in Sources */,
				5F84F8C8273507110030F869 /* HomeScenePressenter.swift in Sources */,
				5F84F8CC2735072E0030F869 /* HomeSceneRouter.swift in Sources */,
				5F84F8F7273547A80030F869 /* UIViewController+Extensions.swift in Sources */,
				5F84F8E82735302F0030F869 /* ReciepeSceneViewController.swift in Sources */,
				5F84F8D627350A800030F869 /* AllFoods.swift in Sources */,
				5F84F8D927350F380030F869 /* FoodItemCollectionViewCell.swift in Sources */,
				5F84F8F3273543D40030F869 /* HeaderTableViewCell.swift in Sources */,
				5F84F8DD273513540030F869 /* HomeSceneModel.swift in Sources */,
				5F84F8C6273506F70030F869 /* HomeSceneInteractor.swift in Sources */,
				5F84F8B1273505460030F869 /* SceneDelegate.swift in Sources */,
			);
			runOnlyForDeploymentPostprocessing = 0;
		};
/* End PBXSourcesBuildPhase section */

/* Begin PBXVariantGroup section */
		5F84F8B92735054B0030F869 /* LaunchScreen.storyboard */ = {
			isa = PBXVariantGroup;
			children = (
				5F84F8BA2735054B0030F869 /* Base */,
			);
			name = LaunchScreen.storyboard;
			sourceTree = "<group>";
		};
/* End PBXVariantGroup section */

/* Begin XCBuildConfiguration section */
		5F84F8BD2735054B0030F869 /* Debug */ = {
			isa = XCBuildConfiguration;
			buildSettings = {
				ALWAYS_SEARCH_USER_PATHS = NO;
				CLANG_ANALYZER_NONNULL = YES;
				CLANG_ANALYZER_NUMBER_OBJECT_CONVERSION = YES_AGGRESSIVE;
				CLANG_CXX_LANGUAGE_STANDARD = "gnu++14";
				CLANG_CXX_LIBRARY = "libc++";
				CLANG_ENABLE_MODULES = YES;
				CLANG_ENABLE_OBJC_ARC = YES;
				CLANG_ENABLE_OBJC_WEAK = YES;
				CLANG_WARN_BLOCK_CAPTURE_AUTORELEASING = YES;
				CLANG_WARN_BOOL_CONVERSION = YES;
				CLANG_WARN_COMMA = YES;
				CLANG_WARN_CONSTANT_CONVERSION = YES;
				CLANG_WARN_DEPRECATED_OBJC_IMPLEMENTATIONS = YES;
				CLANG_WARN_DIRECT_OBJC_ISA_USAGE = YES_ERROR;
				CLANG_WARN_DOCUMENTATION_COMMENTS = YES;
				CLANG_WARN_EMPTY_BODY = YES;
				CLANG_WARN_ENUM_CONVERSION = YES;
				CLANG_WARN_INFINITE_RECURSION = YES;
				CLANG_WARN_INT_CONVERSION = YES;
				CLANG_WARN_NON_LITERAL_NULL_CONVERSION = YES;
				CLANG_WARN_OBJC_IMPLICIT_RETAIN_SELF = YES;
				CLANG_WARN_OBJC_LITERAL_CONVERSION = YES;
				CLANG_WARN_OBJC_ROOT_CLASS = YES_ERROR;
				CLANG_WARN_QUOTED_INCLUDE_IN_FRAMEWORK_HEADER = YES;
				CLANG_WARN_RANGE_LOOP_ANALYSIS = YES;
				CLANG_WARN_STRICT_PROTOTYPES = YES;
				CLANG_WARN_SUSPICIOUS_MOVE = YES;
				CLANG_WARN_UNGUARDED_AVAILABILITY = YES_AGGRESSIVE;
				CLANG_WARN_UNREACHABLE_CODE = YES;
				CLANG_WARN__DUPLICATE_METHOD_MATCH = YES;
				COPY_PHASE_STRIP = NO;
				DEBUG_INFORMATION_FORMAT = dwarf;
				ENABLE_STRICT_OBJC_MSGSEND = YES;
				ENABLE_TESTABILITY = YES;
				GCC_C_LANGUAGE_STANDARD = gnu11;
				GCC_DYNAMIC_NO_PIC = NO;
				GCC_NO_COMMON_BLOCKS = YES;
				GCC_OPTIMIZATION_LEVEL = 0;
				GCC_PREPROCESSOR_DEFINITIONS = (
					"DEBUG=1",
					"$(inherited)",
				);
				GCC_WARN_64_TO_32_BIT_CONVERSION = YES;
				GCC_WARN_ABOUT_RETURN_TYPE = YES_ERROR;
				GCC_WARN_UNDECLARED_SELECTOR = YES;
				GCC_WARN_UNINITIALIZED_AUTOS = YES_AGGRESSIVE;
				GCC_WARN_UNUSED_FUNCTION = YES;
				GCC_WARN_UNUSED_VARIABLE = YES;
				IPHONEOS_DEPLOYMENT_TARGET = 14.5;
				MTL_ENABLE_DEBUG_INFO = INCLUDE_SOURCE;
				MTL_FAST_MATH = YES;
				ONLY_ACTIVE_ARCH = YES;
				SDKROOT = iphoneos;
				SWIFT_ACTIVE_COMPILATION_CONDITIONS = DEBUG;
				SWIFT_OPTIMIZATION_LEVEL = "-Onone";
			};
			name = Debug;
		};
		5F84F8BE2735054B0030F869 /* Release */ = {
			isa = XCBuildConfiguration;
			buildSettings = {
				ALWAYS_SEARCH_USER_PATHS = NO;
				CLANG_ANALYZER_NONNULL = YES;
				CLANG_ANALYZER_NUMBER_OBJECT_CONVERSION = YES_AGGRESSIVE;
				CLANG_CXX_LANGUAGE_STANDARD = "gnu++14";
				CLANG_CXX_LIBRARY = "libc++";
				CLANG_ENABLE_MODULES = YES;
				CLANG_ENABLE_OBJC_ARC = YES;
				CLANG_ENABLE_OBJC_WEAK = YES;
				CLANG_WARN_BLOCK_CAPTURE_AUTORELEASING = YES;
				CLANG_WARN_BOOL_CONVERSION = YES;
				CLANG_WARN_COMMA = YES;
				CLANG_WARN_CONSTANT_CONVERSION = YES;
				CLANG_WARN_DEPRECATED_OBJC_IMPLEMENTATIONS = YES;
				CLANG_WARN_DIRECT_OBJC_ISA_USAGE = YES_ERROR;
				CLANG_WARN_DOCUMENTATION_COMMENTS = YES;
				CLANG_WARN_EMPTY_BODY = YES;
				CLANG_WARN_ENUM_CONVERSION = YES;
				CLANG_WARN_INFINITE_RECURSION = YES;
				CLANG_WARN_INT_CONVERSION = YES;
				CLANG_WARN_NON_LITERAL_NULL_CONVERSION = YES;
				CLANG_WARN_OBJC_IMPLICIT_RETAIN_SELF = YES;
				CLANG_WARN_OBJC_LITERAL_CONVERSION = YES;
				CLANG_WARN_OBJC_ROOT_CLASS = YES_ERROR;
				CLANG_WARN_QUOTED_INCLUDE_IN_FRAMEWORK_HEADER = YES;
				CLANG_WARN_RANGE_LOOP_ANALYSIS = YES;
				CLANG_WARN_STRICT_PROTOTYPES = YES;
				CLANG_WARN_SUSPICIOUS_MOVE = YES;
				CLANG_WARN_UNGUARDED_AVAILABILITY = YES_AGGRESSIVE;
				CLANG_WARN_UNREACHABLE_CODE = YES;
				CLANG_WARN__DUPLICATE_METHOD_MATCH = YES;
				COPY_PHASE_STRIP = NO;
				DEBUG_INFORMATION_FORMAT = "dwarf-with-dsym";
				ENABLE_NS_ASSERTIONS = NO;
				ENABLE_STRICT_OBJC_MSGSEND = YES;
				GCC_C_LANGUAGE_STANDARD = gnu11;
				GCC_NO_COMMON_BLOCKS = YES;
				GCC_WARN_64_TO_32_BIT_CONVERSION = YES;
				GCC_WARN_ABOUT_RETURN_TYPE = YES_ERROR;
				GCC_WARN_UNDECLARED_SELECTOR = YES;
				GCC_WARN_UNINITIALIZED_AUTOS = YES_AGGRESSIVE;
				GCC_WARN_UNUSED_FUNCTION = YES;
				GCC_WARN_UNUSED_VARIABLE = YES;
				IPHONEOS_DEPLOYMENT_TARGET = 14.5;
				MTL_ENABLE_DEBUG_INFO = NO;
				MTL_FAST_MATH = YES;
				SDKROOT = iphoneos;
				SWIFT_COMPILATION_MODE = wholemodule;
				SWIFT_OPTIMIZATION_LEVEL = "-O";
				VALIDATE_PRODUCT = YES;
			};
			name = Release;
		};
		5F84F8C02735054B0030F869 /* Debug */ = {
			isa = XCBuildConfiguration;
			baseConfigurationReference = 23B55550B8097DC5752CA794 /* Pods-JohnnyOwayed-FoodLovers.debug.xcconfig */;
			buildSettings = {
				ASSETCATALOG_COMPILER_APPICON_NAME = AppIcon;
				ASSETCATALOG_COMPILER_GLOBAL_ACCENT_COLOR_NAME = AccentColor;
				CODE_SIGN_STYLE = Automatic;
				INFOPLIST_FILE = "JohnnyOwayed-FoodLovers/Supporting Files/Info.plist";
				LD_RUNPATH_SEARCH_PATHS = (
					"$(inherited)",
					"@executable_path/Frameworks",
				);
				PRODUCT_BUNDLE_IDENTIFIER = "com.lukekerr.TestProject.JohnnyOwayed-FoodLovers";
				PRODUCT_NAME = "$(TARGET_NAME)";
				SWIFT_VERSION = 5.0;
				TARGETED_DEVICE_FAMILY = "1,2";
			};
			name = Debug;
		};
		5F84F8C12735054B0030F869 /* Release */ = {
			isa = XCBuildConfiguration;
			baseConfigurationReference = 745AC1945CE390EF235926F3 /* Pods-JohnnyOwayed-FoodLovers.release.xcconfig */;
			buildSettings = {
				ASSETCATALOG_COMPILER_APPICON_NAME = AppIcon;
				ASSETCATALOG_COMPILER_GLOBAL_ACCENT_COLOR_NAME = AccentColor;
				CODE_SIGN_STYLE = Automatic;
				INFOPLIST_FILE = "JohnnyOwayed-FoodLovers/Supporting Files/Info.plist";
				LD_RUNPATH_SEARCH_PATHS = (
					"$(inherited)",
					"@executable_path/Frameworks",
				);
				PRODUCT_BUNDLE_IDENTIFIER = "com.lukekerr.TestProject.JohnnyOwayed-FoodLovers";
				PRODUCT_NAME = "$(TARGET_NAME)";
				SWIFT_VERSION = 5.0;
				TARGETED_DEVICE_FAMILY = "1,2";
			};
			name = Release;
		};
/* End XCBuildConfiguration section */

/* Begin XCConfigurationList section */
		5F84F8A6273505460030F869 /* Build configuration list for PBXProject "JohnnyOwayed-FoodLovers" */ = {
			isa = XCConfigurationList;
			buildConfigurations = (
				5F84F8BD2735054B0030F869 /* Debug */,
				5F84F8BE2735054B0030F869 /* Release */,
			);
			defaultConfigurationIsVisible = 0;
			defaultConfigurationName = Release;
		};
		5F84F8BF2735054B0030F869 /* Build configuration list for PBXNativeTarget "JohnnyOwayed-FoodLovers" */ = {
			isa = XCConfigurationList;
			buildConfigurations = (
				5F84F8C02735054B0030F869 /* Debug */,
				5F84F8C12735054B0030F869 /* Release */,
			);
			defaultConfigurationIsVisible = 0;
			defaultConfigurationName = Release;
		};
/* End XCConfigurationList section */
	};
	rootObject = 5F84F8A3273505460030F869 /* Project object */;
}
